
Microsoft Visual Studio Solution File, Format Version 12.00
# Visual Studio 15
VisualStudioVersion = 15.0.28010.2036
MinimumVisualStudioVersion = 10.0.40219.1
Project("{FAE04EC0-301F-11D3-BF4B-00C04F79EFBC}") = "MarcosOCRProject", "MarcosOCRProject\MarcosOCRProject.csproj", "{2F5E09B3-6642-4E4A-B1BA-EAC0A6C035EB}"
EndProject
Global
	GlobalSection(SolutionConfigurationPlatforms) = preSolution
		Debug|Any CPU = Debug|Any CPU
		Release|Any CPU = Release|Any CPU
	EndGlobalSection
	GlobalSection(ProjectConfigurationPlatforms) = postSolution
		{2F5E09B3-6642-4E4A-B1BA-EAC0A6C035EB}.Debug|Any CPU.ActiveCfg = Debug|Any CPU
		{2F5E09B3-6642-4E4A-B1BA-EAC0A6C035EB}.Debug|Any CPU.Build.0 = Debug|Any CPU
		{2F5E09B3-6642-4E4A-B1BA-EAC0A6C035EB}.Release|Any CPU.ActiveCfg = Release|Any CPU
		{2F5E09B3-6642-4E4A-B1BA-EAC0A6C035EB}.Release|Any CPU.Build.0 = Release|Any CPU
	EndGlobalSection
	GlobalSection(SolutionProperties) = preSolution
		HideSolutionNode = FALSE
	EndGlobalSection
	GlobalSection(ExtensibilityGlobals) = postSolution
		SolutionGuid = {4AF44283-4E5A-4677-9C80-0588FC88F24B}
	EndGlobalSection
EndGlobal
